// !$*UTF8*$!
{
	archiveVersion = 1;
	classes = {
	};
	objectVersion = 50;
	objects = {

/* Begin PBXBuildFile section */
		95D7B0DB237C0AEC00BA6DC8 /* AppDelegate.swift in Sources */ = {isa = PBXBuildFile; fileRef = 95D7B0DA237C0AEC00BA6DC8 /* AppDelegate.swift */; };
		95D7B0DD237C0AEC00BA6DC8 /* SceneDelegate.swift in Sources */ = {isa = PBXBuildFile; fileRef = 95D7B0DC237C0AEC00BA6DC8 /* SceneDelegate.swift */; };
		95D7B0DF237C0AEC00BA6DC8 /* ContentView.swift in Sources */ = {isa = PBXBuildFile; fileRef = 95D7B0DE237C0AEC00BA6DC8 /* ContentView.swift */; };
		95D7B0E1237C0AED00BA6DC8 /* Assets.xcassets in Resources */ = {isa = PBXBuildFile; fileRef = 95D7B0E0237C0AED00BA6DC8 /* Assets.xcassets */; };
		95D7B0E4237C0AED00BA6DC8 /* Preview Assets.xcassets in Resources */ = {isa = PBXBuildFile; fileRef = 95D7B0E3237C0AED00BA6DC8 /* Preview Assets.xcassets */; };
		95D7B0E7237C0AED00BA6DC8 /* LaunchScreen.storyboard in Resources */ = {isa = PBXBuildFile; fileRef = 95D7B0E5237C0AED00BA6DC8 /* LaunchScreen.storyboard */; };
		95D7B0F0237C0B1300BA6DC8 /* WalletView.swift in Sources */ = {isa = PBXBuildFile; fileRef = 95D7B0EF237C0B1300BA6DC8 /* WalletView.swift */; };
		95D7B0F2237C0B2300BA6DC8 /* TradesView.swift in Sources */ = {isa = PBXBuildFile; fileRef = 95D7B0F1237C0B2300BA6DC8 /* TradesView.swift */; };
		95D7B0F4237C0B3100BA6DC8 /* AccountView.swift in Sources */ = {isa = PBXBuildFile; fileRef = 95D7B0F3237C0B3100BA6DC8 /* AccountView.swift */; };
		95D7B0F6237C0B4100BA6DC8 /* AffiliateView.swift in Sources */ = {isa = PBXBuildFile; fileRef = 95D7B0F5237C0B4100BA6DC8 /* AffiliateView.swift */; };
		95D7B0F8237C0B5500BA6DC8 /* NotificationsView.swift in Sources */ = {isa = PBXBuildFile; fileRef = 95D7B0F7237C0B5500BA6DC8 /* NotificationsView.swift */; };
		95D7B0FA237C0B6E00BA6DC8 /* MainView.swift in Sources */ = {isa = PBXBuildFile; fileRef = 95D7B0F9237C0B6E00BA6DC8 /* MainView.swift */; };
/* End PBXBuildFile section */

/* Begin PBXFileReference section */
		95D7B0D7237C0AEC00BA6DC8 /* Paxful.app */ = {isa = PBXFileReference; explicitFileType = wrapper.application; includeInIndex = 0; path = Paxful.app; sourceTree = BUILT_PRODUCTS_DIR; };
		95D7B0DA237C0AEC00BA6DC8 /* AppDelegate.swift */ = {isa = PBXFileReference; lastKnownFileType = sourcecode.swift; path = AppDelegate.swift; sourceTree = "<group>"; };
		95D7B0DC237C0AEC00BA6DC8 /* SceneDelegate.swift */ = {isa = PBXFileReference; lastKnownFileType = sourcecode.swift; path = SceneDelegate.swift; sourceTree = "<group>"; };
		95D7B0DE237C0AEC00BA6DC8 /* ContentView.swift */ = {isa = PBXFileReference; lastKnownFileType = sourcecode.swift; path = ContentView.swift; sourceTree = "<group>"; };
		95D7B0E0237C0AED00BA6DC8 /* Assets.xcassets */ = {isa = PBXFileReference; lastKnownFileType = folder.assetcatalog; path = Assets.xcassets; sourceTree = "<group>"; };
		95D7B0E3237C0AED00BA6DC8 /* Preview Assets.xcassets */ = {isa = PBXFileReference; lastKnownFileType = folder.assetcatalog; path = "Preview Assets.xcassets"; sourceTree = "<group>"; };
		95D7B0E6237C0AED00BA6DC8 /* Base */ = {isa = PBXFileReference; lastKnownFileType = file.storyboard; name = Base; path = Base.lproj/LaunchScreen.storyboard; sourceTree = "<group>"; };
		95D7B0E8237C0AED00BA6DC8 /* Info.plist */ = {isa = PBXFileReference; lastKnownFileType = text.plist.xml; path = Info.plist; sourceTree = "<group>"; };
		95D7B0EF237C0B1300BA6DC8 /* WalletView.swift */ = {isa = PBXFileReference; lastKnownFileType = sourcecode.swift; path = WalletView.swift; sourceTree = "<group>"; };
		95D7B0F1237C0B2300BA6DC8 /* TradesView.swift */ = {isa = PBXFileReference; lastKnownFileType = sourcecode.swift; path = TradesView.swift; sourceTree = "<group>"; };
		95D7B0F3237C0B3100BA6DC8 /* AccountView.swift */ = {isa = PBXFileReference; lastKnownFileType = sourcecode.swift; path = AccountView.swift; sourceTree = "<group>"; };
		95D7B0F5237C0B4100BA6DC8 /* AffiliateView.swift */ = {isa = PBXFileReference; lastKnownFileType = sourcecode.swift; path = AffiliateView.swift; sourceTree = "<group>"; };
		95D7B0F7237C0B5500BA6DC8 /* NotificationsView.swift */ = {isa = PBXFileReference; lastKnownFileType = sourcecode.swift; path = NotificationsView.swift; sourceTree = "<group>"; };
		95D7B0F9237C0B6E00BA6DC8 /* MainView.swift */ = {isa = PBXFileReference; lastKnownFileType = sourcecode.swift; path = MainView.swift; sourceTree = "<group>"; };
/* End PBXFileReference section */

/* Begin PBXFrameworksBuildPhase section */
		95D7B0D4237C0AEC00BA6DC8 /* Frameworks */ = {
			isa = PBXFrameworksBuildPhase;
			buildActionMask = 2147483647;
			files = (
			);
			runOnlyForDeploymentPostprocessing = 0;
		};
/* End PBXFrameworksBuildPhase section */

/* Begin PBXGroup section */
		95D7B0CE237C0AEC00BA6DC8 = {
			isa = PBXGroup;
			children = (
				95D7B0D9237C0AEC00BA6DC8 /* Paxful */,
				95D7B0D8237C0AEC00BA6DC8 /* Products */,
			);
			sourceTree = "<group>";
		};
		95D7B0D8237C0AEC00BA6DC8 /* Products */ = {
			isa = PBXGroup;
			children = (
				95D7B0D7237C0AEC00BA6DC8 /* Paxful.app */,
			);
			name = Products;
			sourceTree = "<group>";
		};
		95D7B0D9237C0AEC00BA6DC8 /* Paxful */ = {
			isa = PBXGroup;
			children = (
				95D7B0EE237C0AFE00BA6DC8 /* Views */,
				95D7B0DA237C0AEC00BA6DC8 /* AppDelegate.swift */,
				95D7B0DC237C0AEC00BA6DC8 /* SceneDelegate.swift */,
				95D7B0DE237C0AEC00BA6DC8 /* ContentView.swift */,
				95D7B0F9237C0B6E00BA6DC8 /* MainView.swift */,
				95D7B0E0237C0AED00BA6DC8 /* Assets.xcassets */,
				95D7B0E5237C0AED00BA6DC8 /* LaunchScreen.storyboard */,
				95D7B0E8237C0AED00BA6DC8 /* Info.plist */,
				95D7B0E2237C0AED00BA6DC8 /* Preview Content */,
			);
			path = Paxful;
			sourceTree = "<group>";
		};
		95D7B0E2237C0AED00BA6DC8 /* Preview Content */ = {
			isa = PBXGroup;
			children = (
				95D7B0E3237C0AED00BA6DC8 /* Preview Assets.xcassets */,
			);
			path = "Preview Content";
			sourceTree = "<group>";
		};
		95D7B0EE237C0AFE00BA6DC8 /* Views */ = {
			isa = PBXGroup;
			children = (
				95D7B0EF237C0B1300BA6DC8 /* WalletView.swift */,
				95D7B0F1237C0B2300BA6DC8 /* TradesView.swift */,
				95D7B0F3237C0B3100BA6DC8 /* AccountView.swift */,
				95D7B0F5237C0B4100BA6DC8 /* AffiliateView.swift */,
				95D7B0F7237C0B5500BA6DC8 /* NotificationsView.swift */,
			);
			path = Views;
			sourceTree = "<group>";
		};
/* End PBXGroup section */

/* Begin PBXNativeTarget section */
		95D7B0D6237C0AEC00BA6DC8 /* Paxful */ = {
			isa = PBXNativeTarget;
			buildConfigurationList = 95D7B0EB237C0AED00BA6DC8 /* Build configuration list for PBXNativeTarget "Paxful" */;
			buildPhases = (
				95D7B0D3237C0AEC00BA6DC8 /* Sources */,
				95D7B0D4237C0AEC00BA6DC8 /* Frameworks */,
				95D7B0D5237C0AEC00BA6DC8 /* Resources */,
			);
			buildRules = (
			);
			dependencies = (
			);
			name = Paxful;
			productName = Paxful;
			productReference = 95D7B0D7237C0AEC00BA6DC8 /* Paxful.app */;
			productType = "com.apple.product-type.application";
		};
/* End PBXNativeTarget section */

/* Begin PBXProject section */
		95D7B0CF237C0AEC00BA6DC8 /* Project object */ = {
			isa = PBXProject;
			attributes = {
				LastSwiftUpdateCheck = 1110;
				LastUpgradeCheck = 1110;
				ORGANIZATIONNAME = com.ri;
				TargetAttributes = {
					95D7B0D6237C0AEC00BA6DC8 = {
						CreatedOnToolsVersion = 11.1;
					};
				};
			};
			buildConfigurationList = 95D7B0D2237C0AEC00BA6DC8 /* Build configuration list for PBXProject "Paxful" */;
			compatibilityVersion = "Xcode 9.3";
			developmentRegion = en;
			hasScannedForEncodings = 0;
			knownRegions = (
				en,
				Base,
			);
			mainGroup = 95D7B0CE237C0AEC00BA6DC8;
			productRefGroup = 95D7B0D8237C0AEC00BA6DC8 /* Products */;
			projectDirPath = "";
			projectRoot = "";
			targets = (
				95D7B0D6237C0AEC00BA6DC8 /* Paxful */,
			);
		};
/* End PBXProject section */

/* Begin PBXResourcesBuildPhase section */
		95D7B0D5237C0AEC00BA6DC8 /* Resources */ = {
			isa = PBXResourcesBuildPhase;
			buildActionMask = 2147483647;
			files = (
				95D7B0E7237C0AED00BA6DC8 /* LaunchScreen.storyboard in Resources */,
				95D7B0E4237C0AED00BA6DC8 /* Preview Assets.xcassets in Resources */,
				95D7B0E1237C0AED00BA6DC8 /* Assets.xcassets in Resources */,
			);
			runOnlyForDeploymentPostprocessing = 0;
		};
/* End PBXResourcesBuildPhase section */

/* Begin PBXSourcesBuildPhase section */
		95D7B0D3237C0AEC00BA6DC8 /* Sources */ = {
			isa = PBXSourcesBuildPhase;
			buildActionMask = 2147483647;
			files = (
				95D7B0F6237C0B4100BA6DC8 /* AffiliateView.swift in Sources */,
				95D7B0FA237C0B6E00BA6DC8 /* MainView.swift in Sources */,
				95D7B0F4237C0B3100BA6DC8 /* AccountView.swift in Sources */,
				95D7B0DB237C0AEC00BA6DC8 /* AppDelegate.swift in Sources */,
				95D7B0DD237C0AEC00BA6DC8 /* SceneDelegate.swift in Sources */,
				95D7B0DF237C0AEC00BA6DC8 /* ContentView.swift in Sources */,
				95D7B0F2237C0B2300BA6DC8 /* TradesView.swift in Sources */,
				95D7B0F0237C0B1300BA6DC8 /* WalletView.swift in Sources */,
				95D7B0F8237C0B5500BA6DC8 /* NotificationsView.swift in Sources */,
			);
			runOnlyForDeploymentPostprocessing = 0;
		};
/* End PBXSourcesBuildPhase section */

/* Begin PBXVariantGroup section */
		95D7B0E5237C0AED00BA6DC8 /* LaunchScreen.storyboard */ = {
			isa = PBXVariantGroup;
			children = (
				95D7B0E6237C0AED00BA6DC8 /* Base */,
			);
			name = LaunchScreen.storyboard;
			sourceTree = "<group>";
		};
/* End PBXVariantGroup section */

/* Begin XCBuildConfiguration section */
		95D7B0E9237C0AED00BA6DC8 /* Debug */ = {
			isa = XCBuildConfiguration;
			buildSettings = {
				ALWAYS_SEARCH_USER_PATHS = NO;
				CLANG_ANALYZER_NONNULL = YES;
				CLANG_ANALYZER_NUMBER_OBJECT_CONVERSION = YES_AGGRESSIVE;
				CLANG_CXX_LANGUAGE_STANDARD = "gnu++14";
				CLANG_CXX_LIBRARY = "libc++";
				CLANG_ENABLE_MODULES = YES;
				CLANG_ENABLE_OBJC_ARC = YES;
				CLANG_ENABLE_OBJC_WEAK = YES;
				CLANG_WARN_BLOCK_CAPTURE_AUTORELEASING = YES;
				CLANG_WARN_BOOL_CONVERSION = YES;
				CLANG_WARN_COMMA = YES;
				CLANG_WARN_CONSTANT_CONVERSION = YES;
				CLANG_WARN_DEPRECATED_OBJC_IMPLEMENTATIONS = YES;
				CLANG_WARN_DIRECT_OBJC_ISA_USAGE = YES_ERROR;
				CLANG_WARN_DOCUMENTATION_COMMENTS = YES;
				CLANG_WARN_EMPTY_BODY = YES;
				CLANG_WARN_ENUM_CONVERSION = YES;
				CLANG_WARN_INFINITE_RECURSION = YES;
				CLANG_WARN_INT_CONVERSION = YES;
				CLANG_WARN_NON_LITERAL_NULL_CONVERSION = YES;
				CLANG_WARN_OBJC_IMPLICIT_RETAIN_SELF = YES;
				CLANG_WARN_OBJC_LITERAL_CONVERSION = YES;
				CLANG_WARN_OBJC_ROOT_CLASS = YES_ERROR;
				CLANG_WARN_RANGE_LOOP_ANALYSIS = YES;
				CLANG_WARN_STRICT_PROTOTYPES = YES;
				CLANG_WARN_SUSPICIOUS_MOVE = YES;
				CLANG_WARN_UNGUARDED_AVAILABILITY = YES_AGGRESSIVE;
				CLANG_WARN_UNREACHABLE_CODE = YES;
				CLANG_WARN__DUPLICATE_METHOD_MATCH = YES;
				COPY_PHASE_STRIP = NO;
				DEBUG_INFORMATION_FORMAT = dwarf;
				ENABLE_STRICT_OBJC_MSGSEND = YES;
				ENABLE_TESTABILITY = YES;
				GCC_C_LANGUAGE_STANDARD = gnu11;
				GCC_DYNAMIC_NO_PIC = NO;
				GCC_NO_COMMON_BLOCKS = YES;
				GCC_OPTIMIZATION_LEVEL = 0;
				GCC_PREPROCESSOR_DEFINITIONS = (
					"DEBUG=1",
					"$(inherited)",
				);
				GCC_WARN_64_TO_32_BIT_CONVERSION = YES;
				GCC_WARN_ABOUT_RETURN_TYPE = YES_ERROR;
				GCC_WARN_UNDECLARED_SELECTOR = YES;
				GCC_WARN_UNINITIALIZED_AUTOS = YES_AGGRESSIVE;
				GCC_WARN_UNUSED_FUNCTION = YES;
				GCC_WARN_UNUSED_VARIABLE = YES;
				IPHONEOS_DEPLOYMENT_TARGET = 13.1;
				MTL_ENABLE_DEBUG_INFO = INCLUDE_SOURCE;
				MTL_FAST_MATH = YES;
				ONLY_ACTIVE_ARCH = YES;
				SDKROOT = iphoneos;
				SWIFT_ACTIVE_COMPILATION_CONDITIONS = DEBUG;
				SWIFT_OPTIMIZATION_LEVEL = "-Onone";
			};
			name = Debug;
		};
		95D7B0EA237C0AED00BA6DC8 /* Release */ = {
			isa = XCBuildConfiguration;
			buildSettings = {
				ALWAYS_SEARCH_USER_PATHS = NO;
				CLANG_ANALYZER_NONNULL = YES;
				CLANG_ANALYZER_NUMBER_OBJECT_CONVERSION = YES_AGGRESSIVE;
				CLANG_CXX_LANGUAGE_STANDARD = "gnu++14";
				CLANG_CXX_LIBRARY = "libc++";
				CLANG_ENABLE_MODULES = YES;
				CLANG_ENABLE_OBJC_ARC = YES;
				CLANG_ENABLE_OBJC_WEAK = YES;
				CLANG_WARN_BLOCK_CAPTURE_AUTORELEASING = YES;
				CLANG_WARN_BOOL_CONVERSION = YES;
				CLANG_WARN_COMMA = YES;
				CLANG_WARN_CONSTANT_CONVERSION = YES;
				CLANG_WARN_DEPRECATED_OBJC_IMPLEMENTATIONS = YES;
				CLANG_WARN_DIRECT_OBJC_ISA_USAGE = YES_ERROR;
				CLANG_WARN_DOCUMENTATION_COMMENTS = YES;
				CLANG_WARN_EMPTY_BODY = YES;
				CLANG_WARN_ENUM_CONVERSION = YES;
				CLANG_WARN_INFINITE_RECURSION = YES;
				CLANG_WARN_INT_CONVERSION = YES;
				CLANG_WARN_NON_LITERAL_NULL_CONVERSION = YES;
				CLANG_WARN_OBJC_IMPLICIT_RETAIN_SELF = YES;
				CLANG_WARN_OBJC_LITERAL_CONVERSION = YES;
				CLANG_WARN_OBJC_ROOT_CLASS = YES_ERROR;
				CLANG_WARN_RANGE_LOOP_ANALYSIS = YES;
				CLANG_WARN_STRICT_PROTOTYPES = YES;
				CLANG_WARN_SUSPICIOUS_MOVE = YES;
				CLANG_WARN_UNGUARDED_AVAILABILITY = YES_AGGRESSIVE;
				CLANG_WARN_UNREACHABLE_CODE = YES;
				CLANG_WARN__DUPLICATE_METHOD_MATCH = YES;
				COPY_PHASE_STRIP = NO;
				DEBUG_INFORMATION_FORMAT = "dwarf-with-dsym";
				ENABLE_NS_ASSERTIONS = NO;
				ENABLE_STRICT_OBJC_MSGSEND = YES;
				GCC_C_LANGUAGE_STANDARD = gnu11;
				GCC_NO_COMMON_BLOCKS = YES;
				GCC_WARN_64_TO_32_BIT_CONVERSION = YES;
				GCC_WARN_ABOUT_RETURN_TYPE = YES_ERROR;
				GCC_WARN_UNDECLARED_SELECTOR = YES;
				GCC_WARN_UNINITIALIZED_AUTOS = YES_AGGRESSIVE;
				GCC_WARN_UNUSED_FUNCTION = YES;
				GCC_WARN_UNUSED_VARIABLE = YES;
				IPHONEOS_DEPLOYMENT_TARGET = 13.1;
				MTL_ENABLE_DEBUG_INFO = NO;
				MTL_FAST_MATH = YES;
				SDKROOT = iphoneos;
				SWIFT_COMPILATION_MODE = wholemodule;
				SWIFT_OPTIMIZATION_LEVEL = "-O";
				VALIDATE_PRODUCT = YES;
			};
			name = Release;
		};
		95D7B0EC237C0AED00BA6DC8 /* Debug */ = {
			isa = XCBuildConfiguration;
			buildSettings = {
				ASSETCATALOG_COMPILER_APPICON_NAME = AppIcon;
				CODE_SIGN_STYLE = Automatic;
				DEVELOPMENT_ASSET_PATHS = "\"Paxful/Preview Content\"";
				DEVELOPMENT_TEAM = L8W86DZDY2;
				ENABLE_PREVIEWS = YES;
				INFOPLIST_FILE = Paxful/Info.plist;
				LD_RUNPATH_SEARCH_PATHS = (
					"$(inherited)",
					"@executable_path/Frameworks",
				);
				PRODUCT_BUNDLE_IDENTIFIER = com.ri.Paxful;
				PRODUCT_NAME = "$(TARGET_NAME)";
				SWIFT_VERSION = 5.0;
				TARGETED_DEVICE_FAMILY = "1,2";
			};
			name = Debug;
		};
		95D7B0ED237C0AED00BA6DC8 /* Release */ = {
			isa = XCBuildConfiguration;
			buildSettings = {
				ASSETCATALOG_COMPILER_APPICON_NAME = AppIcon;
				CODE_SIGN_STYLE = Automatic;
				DEVELOPMENT_ASSET_PATHS = "\"Paxful/Preview Content\"";
				DEVELOPMENT_TEAM = L8W86DZDY2;
				ENABLE_PREVIEWS = YES;
				INFOPLIST_FILE = Paxful/Info.plist;
				LD_RUNPATH_SEARCH_PATHS = (
					"$(inherited)",
					"@executable_path/Frameworks",
				);
				PRODUCT_BUNDLE_IDENTIFIER = com.ri.Paxful;
				PRODUCT_NAME = "$(TARGET_NAME)";
				SWIFT_VERSION = 5.0;
				TARGETED_DEVICE_FAMILY = "1,2";
			};
			name = Release;
		};
/* End XCBuildConfiguration section */

/* Begin XCConfigurationList section */
		95D7B0D2237C0AEC00BA6DC8 /* Build configuration list for PBXProject "Paxful" */ = {
			isa = XCConfigurationList;
			buildConfigurations = (
				95D7B0E9237C0AED00BA6DC8 /* Debug */,
				95D7B0EA237C0AED00BA6DC8 /* Release */,
			);
			defaultConfigurationIsVisible = 0;
			defaultConfigurationName = Release;
		};
		95D7B0EB237C0AED00BA6DC8 /* Build configuration list for PBXNativeTarget "Paxful" */ = {
			isa = XCConfigurationList;
			buildConfigurations = (
				95D7B0EC237C0AED00BA6DC8 /* Debug */,
				95D7B0ED237C0AED00BA6DC8 /* Release */,
			);
			defaultConfigurationIsVisible = 0;
			defaultConfigurationName = Release;
		};
/* End XCConfigurationList section */
	};
	rootObject = 95D7B0CF237C0AEC00BA6DC8 /* Project object */;
}
